// !$*UTF8*$!
{
	archiveVersion = 1;
	classes = {
	};
	objectVersion = 56;
	objects = {

/* Begin PBXBuildFile section */
		03F6EAF32B9837BD00189D09 /* AppDelegate.swift in Sources */ = {isa = PBXBuildFile; fileRef = 03F6EAF22B9837BD00189D09 /* AppDelegate.swift */; };
		2147DB512B9F7EC0008D1B6A /* ProfileLeaderboard.swift in Sources */ = {isa = PBXBuildFile; fileRef = 2147DB502B9F7EC0008D1B6A /* ProfileLeaderboard.swift */; };
		2147DB532B9FC56E008D1B6A /* FriendInfo.swift in Sources */ = {isa = PBXBuildFile; fileRef = 2147DB522B9FC56E008D1B6A /* FriendInfo.swift */; };
		2147DB552B9FCB49008D1B6A /* UsernameManager.swift in Sources */ = {isa = PBXBuildFile; fileRef = 2147DB542B9FCB49008D1B6A /* UsernameManager.swift */; };
		2147DB592B9FE597008D1B6A /* CreateAccount.swift in Sources */ = {isa = PBXBuildFile; fileRef = 2147DB582B9FE597008D1B6A /* CreateAccount.swift */; };
		2147DB5B2BA264C2008D1B6A /* FriendInfoManager.swift in Sources */ = {isa = PBXBuildFile; fileRef = 2147DB5A2BA264C2008D1B6A /* FriendInfoManager.swift */; };
		21A713B52B6C234A00DAF6AE /* PhotoFInishApp.swift in Sources */ = {isa = PBXBuildFile; fileRef = 21A713B42B6C234A00DAF6AE /* PhotoFInishApp.swift */; };
		21A713B72B6C234A00DAF6AE /* LoginPage2.swift in Sources */ = {isa = PBXBuildFile; fileRef = 21A713B62B6C234A00DAF6AE /* LoginPage2.swift */; };
		21A713BB2B6C234E00DAF6AE /* Assets.xcassets in Resources */ = {isa = PBXBuildFile; fileRef = 21A713BA2B6C234E00DAF6AE /* Assets.xcassets */; };
		21A713BE2B6C234E00DAF6AE /* Preview Assets.xcassets in Resources */ = {isa = PBXBuildFile; fileRef = 21A713BD2B6C234E00DAF6AE /* Preview Assets.xcassets */; };
		21B5D3D82B6E29A300F2F9F3 /* AltLoginPage.swift in Sources */ = {isa = PBXBuildFile; fileRef = 21B5D3D72B6E29A300F2F9F3 /* AltLoginPage.swift */; };
		21D515EA2B75C0D800E2D8FE /* EmailLogin.swift in Sources */ = {isa = PBXBuildFile; fileRef = 21D515E92B75C0D800E2D8FE /* EmailLogin.swift */; };
		B10F31CF2B9F0EC400BDF58B /* FeedView.swift in Sources */ = {isa = PBXBuildFile; fileRef = B10F31CE2B9F0EC400BDF58B /* FeedView.swift */; };
		B13B1E2D2B8440BA00E15A61 /* CameraView.swift in Sources */ = {isa = PBXBuildFile; fileRef = B13B1E2C2B8440BA00E15A61 /* CameraView.swift */; };
		B193B7492BA2AFC500E8ADD5 /* PersonalView.swift in Sources */ = {isa = PBXBuildFile; fileRef = B193B7482BA2AFC500E8ADD5 /* PersonalView.swift */; };
		B193B74B2BA2BAF000E8ADD5 /* LambdaHelper.swift in Sources */ = {isa = PBXBuildFile; fileRef = B193B74A2BA2BAF000E8ADD5 /* LambdaHelper.swift */; };
/* End PBXBuildFile section */

/* Begin PBXFileReference section */
		03F6EAF22B9837BD00189D09 /* AppDelegate.swift */ = {isa = PBXFileReference; lastKnownFileType = sourcecode.swift; path = AppDelegate.swift; sourceTree = "<group>"; };
		2147DB502B9F7EC0008D1B6A /* ProfileLeaderboard.swift */ = {isa = PBXFileReference; lastKnownFileType = sourcecode.swift; path = ProfileLeaderboard.swift; sourceTree = "<group>"; };
		2147DB522B9FC56E008D1B6A /* FriendInfo.swift */ = {isa = PBXFileReference; lastKnownFileType = sourcecode.swift; path = FriendInfo.swift; sourceTree = "<group>"; };
		2147DB542B9FCB49008D1B6A /* UsernameManager.swift */ = {isa = PBXFileReference; lastKnownFileType = sourcecode.swift; path = UsernameManager.swift; sourceTree = "<group>"; };
		2147DB582B9FE597008D1B6A /* CreateAccount.swift */ = {isa = PBXFileReference; lastKnownFileType = sourcecode.swift; path = CreateAccount.swift; sourceTree = "<group>"; };
		2147DB5A2BA264C2008D1B6A /* FriendInfoManager.swift */ = {isa = PBXFileReference; lastKnownFileType = sourcecode.swift; path = FriendInfoManager.swift; sourceTree = "<group>"; };
		21A713B12B6C234A00DAF6AE /* PhotoFInish.app */ = {isa = PBXFileReference; explicitFileType = wrapper.application; includeInIndex = 0; path = PhotoFInish.app; sourceTree = BUILT_PRODUCTS_DIR; };
		21A713B42B6C234A00DAF6AE /* PhotoFInishApp.swift */ = {isa = PBXFileReference; lastKnownFileType = sourcecode.swift; path = PhotoFInishApp.swift; sourceTree = "<group>"; };
		21A713B62B6C234A00DAF6AE /* LoginPage2.swift */ = {isa = PBXFileReference; lastKnownFileType = sourcecode.swift; path = LoginPage2.swift; sourceTree = "<group>"; };
		21A713BA2B6C234E00DAF6AE /* Assets.xcassets */ = {isa = PBXFileReference; lastKnownFileType = folder.assetcatalog; path = Assets.xcassets; sourceTree = "<group>"; };
		21A713BD2B6C234E00DAF6AE /* Preview Assets.xcassets */ = {isa = PBXFileReference; lastKnownFileType = folder.assetcatalog; path = "Preview Assets.xcassets"; sourceTree = "<group>"; };
		21B5D3D72B6E29A300F2F9F3 /* AltLoginPage.swift */ = {isa = PBXFileReference; lastKnownFileType = sourcecode.swift; path = AltLoginPage.swift; sourceTree = "<group>"; };
		21D515E92B75C0D800E2D8FE /* EmailLogin.swift */ = {isa = PBXFileReference; lastKnownFileType = sourcecode.swift; path = EmailLogin.swift; sourceTree = "<group>"; };
		B10F31CE2B9F0EC400BDF58B /* FeedView.swift */ = {isa = PBXFileReference; lastKnownFileType = sourcecode.swift; path = FeedView.swift; sourceTree = "<group>"; };
		B13B1E2C2B8440BA00E15A61 /* CameraView.swift */ = {isa = PBXFileReference; lastKnownFileType = sourcecode.swift; path = CameraView.swift; sourceTree = "<group>"; };
		B193B7482BA2AFC500E8ADD5 /* PersonalView.swift */ = {isa = PBXFileReference; lastKnownFileType = sourcecode.swift; path = PersonalView.swift; sourceTree = "<group>"; };
		B193B74A2BA2BAF000E8ADD5 /* LambdaHelper.swift */ = {isa = PBXFileReference; lastKnownFileType = sourcecode.swift; path = LambdaHelper.swift; sourceTree = "<group>"; };
/* End PBXFileReference section */

/* Begin PBXFrameworksBuildPhase section */
		21A713AE2B6C234A00DAF6AE /* Frameworks */ = {
			isa = PBXFrameworksBuildPhase;
			buildActionMask = 2147483647;
			files = (
			);
			runOnlyForDeploymentPostprocessing = 0;
		};
/* End PBXFrameworksBuildPhase section */

/* Begin PBXGroup section */
		21A713A82B6C234900DAF6AE = {
			isa = PBXGroup;
			children = (
				21A713B32B6C234A00DAF6AE /* PhotoFInish */,
				21A713B22B6C234A00DAF6AE /* Products */,
			);
			sourceTree = "<group>";
		};
		21A713B22B6C234A00DAF6AE /* Products */ = {
			isa = PBXGroup;
			children = (
				21A713B12B6C234A00DAF6AE /* PhotoFInish.app */,
			);
			name = Products;
			sourceTree = "<group>";
		};
		21A713B32B6C234A00DAF6AE /* PhotoFInish */ = {
			isa = PBXGroup;
			children = (
				21A713B42B6C234A00DAF6AE /* PhotoFInishApp.swift */,
				21D515E92B75C0D800E2D8FE /* EmailLogin.swift */,
				2147DB582B9FE597008D1B6A /* CreateAccount.swift */,
				2147DB522B9FC56E008D1B6A /* FriendInfo.swift */,
				2147DB542B9FCB49008D1B6A /* UsernameManager.swift */,
				2147DB502B9F7EC0008D1B6A /* ProfileLeaderboard.swift */,
				21D515E92B75C0D800E2D8FE /* EmailLogin.swift */,
				21A713B62B6C234A00DAF6AE /* LoginPage2.swift */,
				2147DB502B9F7EC0008D1B6A /* ProfileLeaderboard.swift */,
				B13B1E2C2B8440BA00E15A61 /* CameraView.swift */,
				B193B74A2BA2BAF000E8ADD5 /* LambdaHelper.swift */,
				B10F31CE2B9F0EC400BDF58B /* FeedView.swift */,
				2147DB542B9FCB49008D1B6A /* UsernameManager.swift */,
				2147DB5A2BA264C2008D1B6A /* FriendInfoManager.swift */,
				2147DB522B9FC56E008D1B6A /* FriendInfo.swift */,
				B193B7482BA2AFC500E8ADD5 /* PersonalView.swift */,
				21B5D3D72B6E29A300F2F9F3 /* AltLoginPage.swift */,
				2107DE872B81CCA6004F1991 /* successfulLogin.swift */,
				03F6EAF22B9837BD00189D09 /* AppDelegate.swift */,
				21B5D3D72B6E29A300F2F9F3 /* AltLoginPage.swift */,
				B1481E742BA16C1B0055B966 /* LambdaTester.swift */,
				21A713BA2B6C234E00DAF6AE /* Assets.xcassets */,
				21A713BC2B6C234E00DAF6AE /* Preview Content */,
			);
			path = PhotoFInish;
			sourceTree = "<group>";
		};
		21A713BC2B6C234E00DAF6AE /* Preview Content */ = {
			isa = PBXGroup;
			children = (
				21A713BD2B6C234E00DAF6AE /* Preview Assets.xcassets */,
			);
			path = "Preview Content";
			sourceTree = "<group>";
		};
/* End PBXGroup section */

/* Begin PBXNativeTarget section */
		21A713B02B6C234A00DAF6AE /* PhotoFInish */ = {
			isa = PBXNativeTarget;
			buildConfigurationList = 21A713C12B6C234E00DAF6AE /* Build configuration list for PBXNativeTarget "PhotoFInish" */;
			buildPhases = (
				21A713AD2B6C234A00DAF6AE /* Sources */,
				21A713AE2B6C234A00DAF6AE /* Frameworks */,
				21A713AF2B6C234A00DAF6AE /* Resources */,
			);
			buildRules = (
			);
			dependencies = (
				03F6EAFD2B983AEA00189D09 /* PBXTargetDependency */,
				03F6EAF72B983ADE00189D09 /* PBXTargetDependency */,
				03F6EAF92B983ADE00189D09 /* PBXTargetDependency */,
				03F6EAFB2B983ADE00189D09 /* PBXTargetDependency */,
				03F6EAF52B983AD000189D09 /* PBXTargetDependency */,
			);
			name = PhotoFInish;
			packageProductDependencies = (
			);
			productName = PhotoFInish;
			productReference = 21A713B12B6C234A00DAF6AE /* PhotoFInish.app */;
			productType = "com.apple.product-type.application";
		};
/* End PBXNativeTarget section */

/* Begin PBXProject section */
		21A713A92B6C234900DAF6AE /* Project object */ = {
			isa = PBXProject;
			attributes = {
				BuildIndependentTargetsInParallel = 1;
				LastSwiftUpdateCheck = 1520;
				LastUpgradeCheck = 1520;
				TargetAttributes = {
					21A713B02B6C234A00DAF6AE = {
						CreatedOnToolsVersion = 15.2;
					};
				};
			};
			buildConfigurationList = 21A713AC2B6C234900DAF6AE /* Build configuration list for PBXProject "PhotoFInish" */;
			compatibilityVersion = "Xcode 14.0";
			developmentRegion = en;
			hasScannedForEncodings = 0;
			knownRegions = (
				en,
				Base,
			);
			mainGroup = 21A713A82B6C234900DAF6AE;
			packageReferences = (
				B1481E762BA190CE0055B966 /* XCRemoteSwiftPackageReference "aws-sdk-ios-spm" */,
			);
			productRefGroup = 21A713B22B6C234A00DAF6AE /* Products */;
			projectDirPath = "";
			projectRoot = "";
			targets = (
				21A713B02B6C234A00DAF6AE /* PhotoFInish */,
			);
		};
/* End PBXProject section */

/* Begin PBXResourcesBuildPhase section */
		21A713AF2B6C234A00DAF6AE /* Resources */ = {
			isa = PBXResourcesBuildPhase;
			buildActionMask = 2147483647;
			files = (
				21A713BE2B6C234E00DAF6AE /* Preview Assets.xcassets in Resources */,
				21A713BB2B6C234E00DAF6AE /* Assets.xcassets in Resources */,
			);
			runOnlyForDeploymentPostprocessing = 0;
		};
/* End PBXResourcesBuildPhase section */

/* Begin PBXSourcesBuildPhase section */
		21A713AD2B6C234A00DAF6AE /* Sources */ = {
			isa = PBXSourcesBuildPhase;
			buildActionMask = 2147483647;
			files = (
				B193B7492BA2AFC500E8ADD5 /* PersonalView.swift in Sources */,
				B10F31CF2B9F0EC400BDF58B /* FeedView.swift in Sources */,
				2147DB5B2BA264C2008D1B6A /* FriendInfoManager.swift in Sources */,
				21D515EA2B75C0D800E2D8FE /* EmailLogin.swift in Sources */,
				2147DB552B9FCB49008D1B6A /* UsernameManager.swift in Sources */,
				2147DB512B9F7EC0008D1B6A /* ProfileLeaderboard.swift in Sources */,
				21A713B72B6C234A00DAF6AE /* LoginPage2.swift in Sources */,
				B13B1E2D2B8440BA00E15A61 /* CameraView.swift in Sources */,
				2147DB592B9FE597008D1B6A /* CreateAccount.swift in Sources */,
				B193B74B2BA2BAF000E8ADD5 /* LambdaHelper.swift in Sources */,
				03F6EAF32B9837BD00189D09 /* AppDelegate.swift in Sources */,
				B1481E752BA16C1B0055B966 /* LambdaTester.swift in Sources */,
				21B5D3D82B6E29A300F2F9F3 /* AltLoginPage.swift in Sources */,
				21A713B52B6C234A00DAF6AE /* PhotoFInishApp.swift in Sources */,
				2147DB532B9FC56E008D1B6A /* FriendInfo.swift in Sources */,
			);
			runOnlyForDeploymentPostprocessing = 0;
		};
/* End PBXSourcesBuildPhase section */

/* Begin PBXTargetDependency section */
		03F6EAF52B983AD000189D09 /* PBXTargetDependency */ = {
			isa = PBXTargetDependency;
			productRef = 03F6EAF42B983AD000189D09 /* AWSCore */;
		};
		03F6EAF72B983ADE00189D09 /* PBXTargetDependency */ = {
			isa = PBXTargetDependency;
			productRef = 03F6EAF62B983ADE00189D09 /* AWSCognitoAuth */;
		};
		03F6EAF92B983ADE00189D09 /* PBXTargetDependency */ = {
			isa = PBXTargetDependency;
			productRef = 03F6EAF82B983ADE00189D09 /* AWSCognitoIdentityProvider */;
		};
		03F6EAFB2B983ADE00189D09 /* PBXTargetDependency */ = {
			isa = PBXTargetDependency;
			productRef = 03F6EAFA2B983ADE00189D09 /* AWSCognitoIdentityProviderASF */;
		};
		03F6EAFD2B983AEA00189D09 /* PBXTargetDependency */ = {
			isa = PBXTargetDependency;
			productRef = 03F6EAFC2B983AEA00189D09 /* AWSLambda */;
		};
/* End PBXTargetDependency section */

/* Begin XCBuildConfiguration section */
		21A713BF2B6C234E00DAF6AE /* Debug */ = {
			isa = XCBuildConfiguration;
			buildSettings = {
				ALWAYS_SEARCH_USER_PATHS = NO;
				ASSETCATALOG_COMPILER_GENERATE_SWIFT_ASSET_SYMBOL_EXTENSIONS = YES;
				CLANG_ANALYZER_NONNULL = YES;
				CLANG_ANALYZER_NUMBER_OBJECT_CONVERSION = YES_AGGRESSIVE;
				CLANG_CXX_LANGUAGE_STANDARD = "gnu++20";
				CLANG_ENABLE_MODULES = YES;
				CLANG_ENABLE_OBJC_ARC = YES;
				CLANG_ENABLE_OBJC_WEAK = YES;
				CLANG_WARN_BLOCK_CAPTURE_AUTORELEASING = YES;
				CLANG_WARN_BOOL_CONVERSION = YES;
				CLANG_WARN_COMMA = YES;
				CLANG_WARN_CONSTANT_CONVERSION = YES;
				CLANG_WARN_DEPRECATED_OBJC_IMPLEMENTATIONS = YES;
				CLANG_WARN_DIRECT_OBJC_ISA_USAGE = YES_ERROR;
				CLANG_WARN_DOCUMENTATION_COMMENTS = YES;
				CLANG_WARN_EMPTY_BODY = YES;
				CLANG_WARN_ENUM_CONVERSION = YES;
				CLANG_WARN_INFINITE_RECURSION = YES;
				CLANG_WARN_INT_CONVERSION = YES;
				CLANG_WARN_NON_LITERAL_NULL_CONVERSION = YES;
				CLANG_WARN_OBJC_IMPLICIT_RETAIN_SELF = YES;
				CLANG_WARN_OBJC_LITERAL_CONVERSION = YES;
				CLANG_WARN_OBJC_ROOT_CLASS = YES_ERROR;
				CLANG_WARN_QUOTED_INCLUDE_IN_FRAMEWORK_HEADER = YES;
				CLANG_WARN_RANGE_LOOP_ANALYSIS = YES;
				CLANG_WARN_STRICT_PROTOTYPES = YES;
				CLANG_WARN_SUSPICIOUS_MOVE = YES;
				CLANG_WARN_UNGUARDED_AVAILABILITY = YES_AGGRESSIVE;
				CLANG_WARN_UNREACHABLE_CODE = YES;
				CLANG_WARN__DUPLICATE_METHOD_MATCH = YES;
				COPY_PHASE_STRIP = NO;
				DEBUG_INFORMATION_FORMAT = dwarf;
				ENABLE_STRICT_OBJC_MSGSEND = YES;
				ENABLE_TESTABILITY = YES;
				ENABLE_USER_SCRIPT_SANDBOXING = YES;
				GCC_C_LANGUAGE_STANDARD = gnu17;
				GCC_DYNAMIC_NO_PIC = NO;
				GCC_NO_COMMON_BLOCKS = YES;
				GCC_OPTIMIZATION_LEVEL = 0;
				GCC_PREPROCESSOR_DEFINITIONS = (
					"DEBUG=1",
					"$(inherited)",
				);
				GCC_WARN_64_TO_32_BIT_CONVERSION = YES;
				GCC_WARN_ABOUT_RETURN_TYPE = YES_ERROR;
				GCC_WARN_UNDECLARED_SELECTOR = YES;
				GCC_WARN_UNINITIALIZED_AUTOS = YES_AGGRESSIVE;
				GCC_WARN_UNUSED_FUNCTION = YES;
				GCC_WARN_UNUSED_VARIABLE = YES;
				IPHONEOS_DEPLOYMENT_TARGET = 17.2;
				LOCALIZATION_PREFERS_STRING_CATALOGS = YES;
				MTL_ENABLE_DEBUG_INFO = INCLUDE_SOURCE;
				MTL_FAST_MATH = YES;
				ONLY_ACTIVE_ARCH = YES;
				SDKROOT = iphoneos;
				SWIFT_ACTIVE_COMPILATION_CONDITIONS = "DEBUG $(inherited)";
				SWIFT_OPTIMIZATION_LEVEL = "-Onone";
			};
			name = Debug;
		};
		21A713C02B6C234E00DAF6AE /* Release */ = {
			isa = XCBuildConfiguration;
			buildSettings = {
				ALWAYS_SEARCH_USER_PATHS = NO;
				ASSETCATALOG_COMPILER_GENERATE_SWIFT_ASSET_SYMBOL_EXTENSIONS = YES;
				CLANG_ANALYZER_NONNULL = YES;
				CLANG_ANALYZER_NUMBER_OBJECT_CONVERSION = YES_AGGRESSIVE;
				CLANG_CXX_LANGUAGE_STANDARD = "gnu++20";
				CLANG_ENABLE_MODULES = YES;
				CLANG_ENABLE_OBJC_ARC = YES;
				CLANG_ENABLE_OBJC_WEAK = YES;
				CLANG_WARN_BLOCK_CAPTURE_AUTORELEASING = YES;
				CLANG_WARN_BOOL_CONVERSION = YES;
				CLANG_WARN_COMMA = YES;
				CLANG_WARN_CONSTANT_CONVERSION = YES;
				CLANG_WARN_DEPRECATED_OBJC_IMPLEMENTATIONS = YES;
				CLANG_WARN_DIRECT_OBJC_ISA_USAGE = YES_ERROR;
				CLANG_WARN_DOCUMENTATION_COMMENTS = YES;
				CLANG_WARN_EMPTY_BODY = YES;
				CLANG_WARN_ENUM_CONVERSION = YES;
				CLANG_WARN_INFINITE_RECURSION = YES;
				CLANG_WARN_INT_CONVERSION = YES;
				CLANG_WARN_NON_LITERAL_NULL_CONVERSION = YES;
				CLANG_WARN_OBJC_IMPLICIT_RETAIN_SELF = YES;
				CLANG_WARN_OBJC_LITERAL_CONVERSION = YES;
				CLANG_WARN_OBJC_ROOT_CLASS = YES_ERROR;
				CLANG_WARN_QUOTED_INCLUDE_IN_FRAMEWORK_HEADER = YES;
				CLANG_WARN_RANGE_LOOP_ANALYSIS = YES;
				CLANG_WARN_STRICT_PROTOTYPES = YES;
				CLANG_WARN_SUSPICIOUS_MOVE = YES;
				CLANG_WARN_UNGUARDED_AVAILABILITY = YES_AGGRESSIVE;
				CLANG_WARN_UNREACHABLE_CODE = YES;
				CLANG_WARN__DUPLICATE_METHOD_MATCH = YES;
				COPY_PHASE_STRIP = NO;
				DEBUG_INFORMATION_FORMAT = "dwarf-with-dsym";
				ENABLE_NS_ASSERTIONS = NO;
				ENABLE_STRICT_OBJC_MSGSEND = YES;
				ENABLE_USER_SCRIPT_SANDBOXING = YES;
				GCC_C_LANGUAGE_STANDARD = gnu17;
				GCC_NO_COMMON_BLOCKS = YES;
				GCC_WARN_64_TO_32_BIT_CONVERSION = YES;
				GCC_WARN_ABOUT_RETURN_TYPE = YES_ERROR;
				GCC_WARN_UNDECLARED_SELECTOR = YES;
				GCC_WARN_UNINITIALIZED_AUTOS = YES_AGGRESSIVE;
				GCC_WARN_UNUSED_FUNCTION = YES;
				GCC_WARN_UNUSED_VARIABLE = YES;
				IPHONEOS_DEPLOYMENT_TARGET = 17.2;
				LOCALIZATION_PREFERS_STRING_CATALOGS = YES;
				MTL_ENABLE_DEBUG_INFO = NO;
				MTL_FAST_MATH = YES;
				SDKROOT = iphoneos;
				SWIFT_COMPILATION_MODE = wholemodule;
				VALIDATE_PRODUCT = YES;
			};
			name = Release;
		};
		21A713C22B6C234E00DAF6AE /* Debug */ = {
			isa = XCBuildConfiguration;
			buildSettings = {
				ASSETCATALOG_COMPILER_APPICON_NAME = AppIcon;
				ASSETCATALOG_COMPILER_GLOBAL_ACCENT_COLOR_NAME = AccentColor;
				CODE_SIGN_STYLE = Automatic;
				CURRENT_PROJECT_VERSION = 1;
				DEVELOPMENT_ASSET_PATHS = "\"PhotoFInish/Preview Content\"";
				DEVELOPMENT_TEAM = 4Y3Y7FP3CM;
				ENABLE_PREVIEWS = YES;
				GENERATE_INFOPLIST_FILE = YES;
				INFOPLIST_KEY_NSCameraUsageDescription = "Please allow to take photo";
				INFOPLIST_KEY_NSMicrophoneUsageDescription = "Please allow to record Audio";
				INFOPLIST_KEY_NSPhotoLibraryUsageDescription = "";
				INFOPLIST_KEY_UIApplicationSceneManifest_Generation = YES;
				INFOPLIST_KEY_UIApplicationSupportsIndirectInputEvents = YES;
				INFOPLIST_KEY_UILaunchScreen_Generation = YES;
				INFOPLIST_KEY_UISupportedInterfaceOrientations_iPad = "UIInterfaceOrientationPortrait UIInterfaceOrientationPortraitUpsideDown UIInterfaceOrientationLandscapeLeft UIInterfaceOrientationLandscapeRight";
				INFOPLIST_KEY_UISupportedInterfaceOrientations_iPhone = "UIInterfaceOrientationPortrait UIInterfaceOrientationLandscapeLeft UIInterfaceOrientationLandscapeRight";
				LD_RUNPATH_SEARCH_PATHS = (
					"$(inherited)",
					"@executable_path/Frameworks",
				);
				MARKETING_VERSION = 1.0;
				PRODUCT_BUNDLE_IDENTIFIER = yuchen.PhotoFInish;
				PRODUCT_NAME = "$(TARGET_NAME)";
				SWIFT_EMIT_LOC_STRINGS = YES;
				SWIFT_VERSION = 5.0;
				TARGETED_DEVICE_FAMILY = "1,2";
			};
			name = Debug;
		};
		21A713C32B6C234E00DAF6AE /* Release */ = {
			isa = XCBuildConfiguration;
			buildSettings = {
				ASSETCATALOG_COMPILER_APPICON_NAME = AppIcon;
				ASSETCATALOG_COMPILER_GLOBAL_ACCENT_COLOR_NAME = AccentColor;
				CODE_SIGN_STYLE = Automatic;
				CURRENT_PROJECT_VERSION = 1;
				DEVELOPMENT_ASSET_PATHS = "\"PhotoFInish/Preview Content\"";
				DEVELOPMENT_TEAM = 4Y3Y7FP3CM;
				ENABLE_PREVIEWS = YES;
				GENERATE_INFOPLIST_FILE = YES;
				INFOPLIST_KEY_NSCameraUsageDescription = "Please allow to take photo";
				INFOPLIST_KEY_NSMicrophoneUsageDescription = "Please allow to record Audio";
				INFOPLIST_KEY_NSPhotoLibraryUsageDescription = "";
				INFOPLIST_KEY_UIApplicationSceneManifest_Generation = YES;
				INFOPLIST_KEY_UIApplicationSupportsIndirectInputEvents = YES;
				INFOPLIST_KEY_UILaunchScreen_Generation = YES;
				INFOPLIST_KEY_UISupportedInterfaceOrientations_iPad = "UIInterfaceOrientationPortrait UIInterfaceOrientationPortraitUpsideDown UIInterfaceOrientationLandscapeLeft UIInterfaceOrientationLandscapeRight";
				INFOPLIST_KEY_UISupportedInterfaceOrientations_iPhone = "UIInterfaceOrientationPortrait UIInterfaceOrientationLandscapeLeft UIInterfaceOrientationLandscapeRight";
				LD_RUNPATH_SEARCH_PATHS = (
					"$(inherited)",
					"@executable_path/Frameworks",
				);
				MARKETING_VERSION = 1.0;
				PRODUCT_BUNDLE_IDENTIFIER = yuchen.PhotoFInish;
				PRODUCT_NAME = "$(TARGET_NAME)";
				SWIFT_EMIT_LOC_STRINGS = YES;
				SWIFT_VERSION = 5.0;
				TARGETED_DEVICE_FAMILY = "1,2";
			};
			name = Release;
		};
/* End XCBuildConfiguration section */

/* Begin XCConfigurationList section */
		21A713AC2B6C234900DAF6AE /* Build configuration list for PBXProject "PhotoFInish" */ = {
			isa = XCConfigurationList;
			buildConfigurations = (
				21A713BF2B6C234E00DAF6AE /* Debug */,
				21A713C02B6C234E00DAF6AE /* Release */,
			);
			defaultConfigurationIsVisible = 0;
			defaultConfigurationName = Release;
		};
		21A713C12B6C234E00DAF6AE /* Build configuration list for PBXNativeTarget "PhotoFInish" */ = {
			isa = XCConfigurationList;
			buildConfigurations = (
				21A713C22B6C234E00DAF6AE /* Debug */,
				21A713C32B6C234E00DAF6AE /* Release */,
			);
			defaultConfigurationIsVisible = 0;
			defaultConfigurationName = Release;
		};
/* End XCConfigurationList section */

/* Begin XCRemoteSwiftPackageReference section */
		03711F532B95B8B300E516BA /* XCRemoteSwiftPackageReference "aws-sdk-ios-spm" */ = {
			isa = XCRemoteSwiftPackageReference;
			repositoryURL = "https://github.com/aws-amplify/aws-sdk-ios-spm";
			requirement = {
				kind = upToNextMinorVersion;
				minimumVersion = 2.34.0;
			};
		};
		B1481E762BA190CE0055B966 /* XCRemoteSwiftPackageReference "aws-sdk-ios-spm" */ = {
			isa = XCRemoteSwiftPackageReference;
			repositoryURL = "https://github.com/aws-amplify/aws-sdk-ios-spm";
			requirement = {
				kind = upToNextMajorVersion;
				minimumVersion = 2.34.0;
			};
		};
/* End XCRemoteSwiftPackageReference section */

/* Begin XCSwiftPackageProductDependency section */
		03F6EAF42B983AD000189D09 /* AWSCore */ = {
			isa = XCSwiftPackageProductDependency;
			package = 03711F532B95B8B300E516BA /* XCRemoteSwiftPackageReference "aws-sdk-ios-spm" */;
			productName = AWSCore;
		};
		03F6EAF62B983ADE00189D09 /* AWSCognitoAuth */ = {
			isa = XCSwiftPackageProductDependency;
			package = 03711F532B95B8B300E516BA /* XCRemoteSwiftPackageReference "aws-sdk-ios-spm" */;
			productName = AWSCognitoAuth;
		};
		03F6EAF82B983ADE00189D09 /* AWSCognitoIdentityProvider */ = {
			isa = XCSwiftPackageProductDependency;
			package = 03711F532B95B8B300E516BA /* XCRemoteSwiftPackageReference "aws-sdk-ios-spm" */;
			productName = AWSCognitoIdentityProvider;
		};
		03F6EAFA2B983ADE00189D09 /* AWSCognitoIdentityProviderASF */ = {
			isa = XCSwiftPackageProductDependency;
			package = 03711F532B95B8B300E516BA /* XCRemoteSwiftPackageReference "aws-sdk-ios-spm" */;
			productName = AWSCognitoIdentityProviderASF;
		};
		03F6EAFC2B983AEA00189D09 /* AWSLambda */ = {
			isa = XCSwiftPackageProductDependency;
			package = 03711F532B95B8B300E516BA /* XCRemoteSwiftPackageReference "aws-sdk-ios-spm" */;
			productName = AWSLambda;
		};
/* End XCSwiftPackageProductDependency section */
	};
	rootObject = 21A713A92B6C234900DAF6AE /* Project object */;
}
